# This file is autogenerated, do not edit; changes may be undone by the next 'dep ensure'.


[[projects]]
  digest = "1:27073ebe2bd8f89641703592408be1a39d3c691405802f892496d5fb48dbb4bd"
  name = "github.com/clbanning/x2j"
  packages = ["."]
  pruneopts = "UT"
  revision = "8514236bc68ead794076e8ad386351dda45e69c4"
  version = "1.1"

[[projects]]
  digest = "1:dfa0a7a6b64b2ac99259c4e79cc403470a4fa359c41029e0b8be4f419b0a0e5b"
  name = "github.com/google/uuid"
  packages = ["."]
  pruneopts = "UT"
  revision = "bfb86fa49a73e4194d93bea18d7acfe3694438ce"
  version = "v1.2.0"

[[projects]]
  digest = "1:6d29f02f0f01c627c2be40fb7347669a9ff2aa215cb97747294c1d13ffa74bdd"
  name = "github.com/gorilla/websocket"
  packages = ["."]
  pruneopts = "UT"
  revision = "b65e62901fc1c0d968042419e74789f6af455eb9"
  version = "v1.4.2"

[[projects]]
  digest = "1:6ba33f676b07a9af41146dc8350a1505e3749e7363581e8f94c9e11608720a2b"
  name = "github.com/lib/pq"
  packages = [
    ".",
    "oid",
    "scram",
  ]
  pruneopts = "UT"
  revision = "072e83d238c297c71cab11154695af301010031e"
  version = "v1.10.0"

[[projects]]
  digest = "1:047349f9fa59b1c603d6a73f6bf9b03c9e2ac718f64a6ed04959ddc274903efc"
  name = "github.com/mattn/go-sqlite3"
  packages = ["."]
  pruneopts = "UT"
  revision = "baaf8a978416040e7f2d00ac36e345098d0588d8"
  version = "v2.0.6"

[[projects]]
  branch = "master"
  digest = "1:24252a75223c0998680468dda3a67e1ae1e49dc79f3d2bc826b9c58269571093"
  name = "github.com/stretchr/codecs"
  packages = [
    ".",
    "bson",
    "constants",
    "csv",
    "json",
    "jsonp",
    "msgpack",
    "services",
    "xml",
  ]
  pruneopts = "UT"
  revision = "04a5b1e1910de7aaf00e1d4419d2508247fba1b4"

[[projects]]
  branch = "master"
  digest = "1:1368ce2654f4433f64cd02fbf6b4a10eb23f5fedf4eb77d1af22fc81976c375b"
  name = "github.com/stretchr/gomniauth"
  packages = [
    ".",
    "common",
    "oauth2",
    "providers/google",
  ]
  pruneopts = "UT"
  revision = "4b6c822be2eb64551618722ff80cecde4d63d9be"

[[projects]]
  digest = "1:86ff4af7b6bb3d27c2e89b5ef8c139678acff1cad74a3c5235fc5af6b94fcc9e"
  name = "github.com/stretchr/objx"
  packages = ["."]
  pruneopts = "UT"
  revision = "35313a95ee26395aa17d366c71a2ccf788fa69b6"
  version = "v0.3.0"

[[projects]]
  branch = "master"
  digest = "1:b7706d89ae0383d619523c08d219b7d1520ac2e4d47c330f2d6230beb579f980"
  name = "github.com/stretchr/signature"
  packages = ["."]
  pruneopts = "UT"
  revision = "168b2a1e1b562bf381d47471e31f5979a2a51cd5"

[[projects]]
  branch = "master"
  digest = "1:f67d2c164104ee044e71af7d9e21bbaa60a6227b980e6e23a0c472eeed1eb689"
  name = "github.com/stretchr/stew"
  packages = ["strings"]
  pruneopts = "UT"
  revision = "80ef0842b48b329a6120607c817a85aff5a2ec71"

[[projects]]
  branch = "master"
  digest = "1:e28c20d2fd1c55d986738dcb8cdc3036a5360c1f138be92f32971355335644ff"
  name = "github.com/stretchr/tracer"
  packages = ["."]
  pruneopts = "UT"
  revision = "66d3696bba973e1697f7d68413b3f19c6d6e2a7c"

[[projects]]
  digest = "1:eb13bb5294d4970f0c1e625a2f21630c6c381524cbcb1ae6dcdc5466cbfda0e1"
  name = "github.com/ugorji/go"
  packages = ["codec"]
  pruneopts = "UT"
  revision = "b7930aad4d7e6e410fc241838754057e02a1a56a"
  version = "v1.2.4"

[[projects]]
  digest = "1:f7059e57af5fc848220ebfbfb61e4d333179a6a07e70bc01f7ae5bc873586537"
  name = "gopkg.in/ini.v1"
  packages = ["."]
  pruneopts = "UT"
  revision = "5e97220809ffaa826f787728501264e9114cb834"
  version = "v1.62.0"

[[projects]]
  branch = "v2"
  digest = "1:2642fd0b6900c77247d61d80cf2eb59a374ef4ffc2d25a1b95b87dc355b2894e"
  name = "gopkg.in/mgo.v2"
  packages = [
    "bson",
    "internal/json",
  ]
  pruneopts = "UT"
  revision = "a6b53ec6cb22a3699387a57a161566f9402ee85b"

[solve-meta]
  analyzer-name = "dep"
  analyzer-version = 1
  input-imports = [
    "github.com/google/uuid",
    "github.com/gorilla/websocket",
    "github.com/lib/pq",
    "github.com/mattn/go-sqlite3",
    "github.com/stretchr/gomniauth",
    "github.com/stretchr/gomniauth/common",
    "github.com/stretchr/gomniauth/providers/google",
    "github.com/stretchr/objx",
    "gopkg.in/ini.v1",
  ]
  solver-name = "gps-cdcl"
  solver-version = 1
